
Microsoft Visual Studio Solution File, Format Version 12.00
# Visual Studio Version 17
VisualStudioVersion = 17.4.33205.214
MinimumVisualStudioVersion = 10.0.40219.1
Project("{9A19103F-16F7-4668-BE54-9A1E7A4F7556}") = "RebalancedIndustriesRevisited", "RebalancedIndustriesRevisited\RebalancedIndustriesRevisited.csproj", "{43CD4B7A-4019-4416-AC25-618E7E2A4E2C}"
EndProject
Project("{2150E333-8FDC-42A3-9474-1A3956D46DE8}") = "Shared", "Shared", "{7455797B-9CAB-4CF8-9D7B-90975F858D56}"
EndProject
Project("{D954291E-2A0B-460D-934E-DC6B0785DB48}") = "CSShared", "..\..\..\CSShared\CSShared\CSShared.shproj", "{9C0013DB-AC35-420D-97BB-F868086E1521}"
EndProject
Project("{D954291E-2A0B-460D-934E-DC6B0785DB48}") = "CSShared.Patch", "..\..\..\CSShared\CSShared.Patch\CSShared.Patch.shproj", "{6727E296-104A-4525-998F-B3ED19029F60}"
EndProject
Project("{D954291E-2A0B-460D-934E-DC6B0785DB48}") = "CSShared.ToolButton", "..\..\..\CSShared\CSShared.ToolButton\CSShared.ToolButton.shproj", "{B8BC3C15-A49C-4116-85AD-617389C4A9FD}"
EndProject
Global
	GlobalSection(SolutionConfigurationPlatforms) = preSolution
		Beta Debug|Any CPU = Beta Debug|Any CPU
		Beta Release|Any CPU = Beta Release|Any CPU
		Stable Debug|Any CPU = Stable Debug|Any CPU
		Stable Release|Any CPU = Stable Release|Any CPU
	EndGlobalSection
	GlobalSection(ProjectConfigurationPlatforms) = postSolution
		{43CD4B7A-4019-4416-AC25-618E7E2A4E2C}.Beta Debug|Any CPU.ActiveCfg = Beta Debug|Any CPU
		{43CD4B7A-4019-4416-AC25-618E7E2A4E2C}.Beta Debug|Any CPU.Build.0 = Beta Debug|Any CPU
		{43CD4B7A-4019-4416-AC25-618E7E2A4E2C}.Beta Release|Any CPU.ActiveCfg = Beta Release|Any CPU
		{43CD4B7A-4019-4416-AC25-618E7E2A4E2C}.Beta Release|Any CPU.Build.0 = Beta Release|Any CPU
		{43CD4B7A-4019-4416-AC25-618E7E2A4E2C}.Stable Debug|Any CPU.ActiveCfg = Stable Debug|Any CPU
		{43CD4B7A-4019-4416-AC25-618E7E2A4E2C}.Stable Debug|Any CPU.Build.0 = Stable Debug|Any CPU
		{43CD4B7A-4019-4416-AC25-618E7E2A4E2C}.Stable Release|Any CPU.ActiveCfg = Stable Release|Any CPU
		{43CD4B7A-4019-4416-AC25-618E7E2A4E2C}.Stable Release|Any CPU.Build.0 = Stable Release|Any CPU
	EndGlobalSection
	GlobalSection(SolutionProperties) = preSolution
		HideSolutionNode = FALSE
	EndGlobalSection
	GlobalSection(NestedProjects) = preSolution
		{9C0013DB-AC35-420D-97BB-F868086E1521} = {7455797B-9CAB-4CF8-9D7B-90975F858D56}
		{6727E296-104A-4525-998F-B3ED19029F60} = {7455797B-9CAB-4CF8-9D7B-90975F858D56}
		{B8BC3C15-A49C-4116-85AD-617389C4A9FD} = {7455797B-9CAB-4CF8-9D7B-90975F858D56}
	EndGlobalSection
	GlobalSection(ExtensibilityGlobals) = postSolution
		SolutionGuid = {DFD2FDF0-2E8F-44C4-9177-6CB744328DBA}
	EndGlobalSection
	GlobalSection(SharedMSBuildProjectFiles) = preSolution
		..\..\..\CSShared\CSShared.Patch\CSShared.Patch.projitems*{43cd4b7a-4019-4416-ac25-618e7e2a4e2c}*SharedItemsImports = 5
		..\..\..\CSShared\CSShared.ToolButton\CSShared.ToolButton.projitems*{43cd4b7a-4019-4416-ac25-618e7e2a4e2c}*SharedItemsImports = 5
		..\..\..\CSShared\CSShared\CSShared.projitems*{43cd4b7a-4019-4416-ac25-618e7e2a4e2c}*SharedItemsImports = 5
		..\..\..\CSShared\CSShared.Patch\CSShared.Patch.projitems*{6727e296-104a-4525-998f-b3ed19029f60}*SharedItemsImports = 13
		..\..\..\CSShared\CSShared\CSShared.projitems*{9c0013db-ac35-420d-97bb-f868086e1521}*SharedItemsImports = 13
		..\..\..\CSShared\CSShared.ToolButton\CSShared.ToolButton.projitems*{b8bc3c15-a49c-4116-85ad-617389c4a9fd}*SharedItemsImports = 13
	EndGlobalSection
EndGlobal
